
Microsoft Visual Studio Solution File, Format Version 12.00
# Visual Studio Version 17
VisualStudioVersion = 17.7.34221.43
MinimumVisualStudioVersion = 10.0.40219.1
Project("{8BC9CEB8-8B4A-11D0-8D11-00A0C91BC942}") = "Mineworld", "Mineworld\Mineworld.vcxproj", "{1D97F82A-677A-4A77-8A8A-456D9569617C}"
EndProject
Project("{8BC9CEB8-8B4A-11D0-8D11-00A0C91BC942}") = "Engine", "Engine\Engine.vcxproj", "{C1106676-C7A0-491C-A3FC-B5614F13A3C0}"
EndProject
Global
	GlobalSection(SolutionConfigurationPlatforms) = preSolution
		Debug|x64 = Debug|x64
		Debug|x86 = Debug|x86
		Release|x64 = Release|x64
		Release|x86 = Release|x86
	EndGlobalSection
	GlobalSection(ProjectConfigurationPlatforms) = postSolution
		{1D97F82A-677A-4A77-8A8A-456D9569617C}.Debug|x64.ActiveCfg = Debug|x64
		{1D97F82A-677A-4A77-8A8A-456D9569617C}.Debug|x64.Build.0 = Debug|x64
		{1D97F82A-677A-4A77-8A8A-456D9569617C}.Debug|x86.ActiveCfg = Debug|Win32
		{1D97F82A-677A-4A77-8A8A-456D9569617C}.Debug|x86.Build.0 = Debug|Win32
		{1D97F82A-677A-4A77-8A8A-456D9569617C}.Release|x64.ActiveCfg = Release|x64
		{1D97F82A-677A-4A77-8A8A-456D9569617C}.Release|x64.Build.0 = Release|x64
		{1D97F82A-677A-4A77-8A8A-456D9569617C}.Release|x86.ActiveCfg = Release|Win32
		{1D97F82A-677A-4A77-8A8A-456D9569617C}.Release|x86.Build.0 = Release|Win32
		{C1106676-C7A0-491C-A3FC-B5614F13A3C0}.Debug|x64.ActiveCfg = Debug|x64
		{C1106676-C7A0-491C-A3FC-B5614F13A3C0}.Debug|x64.Build.0 = Debug|x64
		{C1106676-C7A0-491C-A3FC-B5614F13A3C0}.Debug|x86.ActiveCfg = Debug|Win32
		{C1106676-C7A0-491C-A3FC-B5614F13A3C0}.Debug|x86.Build.0 = Debug|Win32
		{C1106676-C7A0-491C-A3FC-B5614F13A3C0}.Release|x64.ActiveCfg = Release|x64
		{C1106676-C7A0-491C-A3FC-B5614F13A3C0}.Release|x64.Build.0 = Release|x64
		{C1106676-C7A0-491C-A3FC-B5614F13A3C0}.Release|x86.ActiveCfg = Release|Win32
		{C1106676-C7A0-491C-A3FC-B5614F13A3C0}.Release|x86.Build.0 = Release|Win32
	EndGlobalSection
	GlobalSection(SolutionProperties) = preSolution
		HideSolutionNode = FALSE
	EndGlobalSection
	GlobalSection(ExtensibilityGlobals) = postSolution
		SolutionGuid = {F65C9FB7-1FE4-42EC-9C64-54BCD5B7B516}
	EndGlobalSection
EndGlobal
